
Microsoft Visual Studio Solution File, Format Version 12.00
Project("{FAE04EC0-301F-11D3-BF4B-00C04F79EFBC}") = "GuessTheNumber.Abstractions", "GuessTheNumber.Abstractions\GuessTheNumber.Abstractions.csproj", "{36A7615B-B3C9-4D96-934A-4A4BAB53B72B}"
EndProject
Project("{FAE04EC0-301F-11D3-BF4B-00C04F79EFBC}") = "GuessTheNumber.Implementation", "GuessTheNumber.Implementation\GuessTheNumber.Implementation.csproj", "{439F5DC7-E7AE-4BD1-8DCA-12EFF75DE9C1}"
EndProject
Project("{FAE04EC0-301F-11D3-BF4B-00C04F79EFBC}") = "GuessTheNumber.Host", "GuessTheNumber.Host\GuessTheNumber.Host.csproj", "{145F3C86-2002-4E50-97C9-5181CB502764}"
EndProject
Project("{FAE04EC0-301F-11D3-BF4B-00C04F79EFBC}") = "GuessTheNumber.Application", "GuessTheNumber.Application\GuessTheNumber.Application.csproj", "{5F8BFC20-D582-4EF7-9DB2-7391C3A182EB}"
EndProject
Project("{FAE04EC0-301F-11D3-BF4B-00C04F79EFBC}") = "GuessTheNumber.Domain", "GuessTheNumber.Domain\GuessTheNumber.Domain.csproj", "{05D65BC9-00AF-4405-B1B4-281A5C8128C2}"
EndProject
Project("{FAE04EC0-301F-11D3-BF4B-00C04F79EFBC}") = "GuessTheNumber.Unit", "GuessTheNumber.Unit\GuessTheNumber.Unit.csproj", "{1BC0FBFC-2ACD-49E6-BFC7-FB8624B86FFA}"
EndProject
Project("{2150E333-8FDC-42A3-9474-1A3956D46DE8}") = "Dal", "Dal", "{FF8BC011-2DFC-4993-873C-432702E5F786}"
EndProject
Project("{2150E333-8FDC-42A3-9474-1A3956D46DE8}") = "BusinessLogic", "BusinessLogic", "{C415143F-60A2-46DF-82F6-E1A2071ABBCA}"
EndProject
Project("{2150E333-8FDC-42A3-9474-1A3956D46DE8}") = "Web", "Web", "{79316AD3-A942-49CC-B2A8-73F9049C7FCB}"
EndProject
Project("{2150E333-8FDC-42A3-9474-1A3956D46DE8}") = "Unit", "Unit", "{2E9F8941-075E-4898-A7C6-053DFF9A667F}"
EndProject
Project("{FAE04EC0-301F-11D3-BF4B-00C04F79EFBC}") = "GuessTheNumber.Dal.Abstractions", "GuessTheNumber.Dal.Abstractions\GuessTheNumber.Dal.Abstractions.csproj", "{AA707C61-9E8E-4D75-81B4-DD0B871932B1}"
EndProject
Project("{FAE04EC0-301F-11D3-BF4B-00C04F79EFBC}") = "GuessTheNumber.Dal.Implementation", "GuessTheNumber.Dal.Implementation\GuessTheNumber.Dal.Implementation.csproj", "{7858F11B-0DEE-40F8-9CB3-DA0F26CB4C93}"
EndProject
Project("{FAE04EC0-301F-11D3-BF4B-00C04F79EFBC}") = "GuessTheNumber.Dal", "GuessTheNumber.Dal\GuessTheNumber.Dal.csproj", "{72C2421A-F77D-44B5-AEDE-6BD3228381D2}"
EndProject
Global
	GlobalSection(SolutionConfigurationPlatforms) = preSolution
		Debug|Any CPU = Debug|Any CPU
		Release|Any CPU = Release|Any CPU
	EndGlobalSection
	GlobalSection(ProjectConfigurationPlatforms) = postSolution
		{36A7615B-B3C9-4D96-934A-4A4BAB53B72B}.Debug|Any CPU.ActiveCfg = Debug|Any CPU
		{36A7615B-B3C9-4D96-934A-4A4BAB53B72B}.Debug|Any CPU.Build.0 = Debug|Any CPU
		{36A7615B-B3C9-4D96-934A-4A4BAB53B72B}.Release|Any CPU.ActiveCfg = Release|Any CPU
		{36A7615B-B3C9-4D96-934A-4A4BAB53B72B}.Release|Any CPU.Build.0 = Release|Any CPU
		{439F5DC7-E7AE-4BD1-8DCA-12EFF75DE9C1}.Debug|Any CPU.ActiveCfg = Debug|Any CPU
		{439F5DC7-E7AE-4BD1-8DCA-12EFF75DE9C1}.Debug|Any CPU.Build.0 = Debug|Any CPU
		{439F5DC7-E7AE-4BD1-8DCA-12EFF75DE9C1}.Release|Any CPU.ActiveCfg = Release|Any CPU
		{439F5DC7-E7AE-4BD1-8DCA-12EFF75DE9C1}.Release|Any CPU.Build.0 = Release|Any CPU
		{145F3C86-2002-4E50-97C9-5181CB502764}.Debug|Any CPU.ActiveCfg = Debug|Any CPU
		{145F3C86-2002-4E50-97C9-5181CB502764}.Debug|Any CPU.Build.0 = Debug|Any CPU
		{145F3C86-2002-4E50-97C9-5181CB502764}.Release|Any CPU.ActiveCfg = Release|Any CPU
		{145F3C86-2002-4E50-97C9-5181CB502764}.Release|Any CPU.Build.0 = Release|Any CPU
		{5F8BFC20-D582-4EF7-9DB2-7391C3A182EB}.Debug|Any CPU.ActiveCfg = Debug|Any CPU
		{5F8BFC20-D582-4EF7-9DB2-7391C3A182EB}.Debug|Any CPU.Build.0 = Debug|Any CPU
		{5F8BFC20-D582-4EF7-9DB2-7391C3A182EB}.Release|Any CPU.ActiveCfg = Release|Any CPU
		{5F8BFC20-D582-4EF7-9DB2-7391C3A182EB}.Release|Any CPU.Build.0 = Release|Any CPU
		{05D65BC9-00AF-4405-B1B4-281A5C8128C2}.Debug|Any CPU.ActiveCfg = Debug|Any CPU
		{05D65BC9-00AF-4405-B1B4-281A5C8128C2}.Debug|Any CPU.Build.0 = Debug|Any CPU
		{05D65BC9-00AF-4405-B1B4-281A5C8128C2}.Release|Any CPU.ActiveCfg = Release|Any CPU
		{05D65BC9-00AF-4405-B1B4-281A5C8128C2}.Release|Any CPU.Build.0 = Release|Any CPU
		{1BC0FBFC-2ACD-49E6-BFC7-FB8624B86FFA}.Debug|Any CPU.ActiveCfg = Debug|Any CPU
		{1BC0FBFC-2ACD-49E6-BFC7-FB8624B86FFA}.Debug|Any CPU.Build.0 = Debug|Any CPU
		{1BC0FBFC-2ACD-49E6-BFC7-FB8624B86FFA}.Release|Any CPU.ActiveCfg = Release|Any CPU
		{1BC0FBFC-2ACD-49E6-BFC7-FB8624B86FFA}.Release|Any CPU.Build.0 = Release|Any CPU
		{AA707C61-9E8E-4D75-81B4-DD0B871932B1}.Debug|Any CPU.ActiveCfg = Debug|Any CPU
		{AA707C61-9E8E-4D75-81B4-DD0B871932B1}.Debug|Any CPU.Build.0 = Debug|Any CPU
		{AA707C61-9E8E-4D75-81B4-DD0B871932B1}.Release|Any CPU.ActiveCfg = Release|Any CPU
		{AA707C61-9E8E-4D75-81B4-DD0B871932B1}.Release|Any CPU.Build.0 = Release|Any CPU
		{7858F11B-0DEE-40F8-9CB3-DA0F26CB4C93}.Debug|Any CPU.ActiveCfg = Debug|Any CPU
		{7858F11B-0DEE-40F8-9CB3-DA0F26CB4C93}.Debug|Any CPU.Build.0 = Debug|Any CPU
		{7858F11B-0DEE-40F8-9CB3-DA0F26CB4C93}.Release|Any CPU.ActiveCfg = Release|Any CPU
		{7858F11B-0DEE-40F8-9CB3-DA0F26CB4C93}.Release|Any CPU.Build.0 = Release|Any CPU
		{72C2421A-F77D-44B5-AEDE-6BD3228381D2}.Debug|Any CPU.ActiveCfg = Debug|Any CPU
		{72C2421A-F77D-44B5-AEDE-6BD3228381D2}.Debug|Any CPU.Build.0 = Debug|Any CPU
		{72C2421A-F77D-44B5-AEDE-6BD3228381D2}.Release|Any CPU.ActiveCfg = Release|Any CPU
		{72C2421A-F77D-44B5-AEDE-6BD3228381D2}.Release|Any CPU.Build.0 = Release|Any CPU
	EndGlobalSection
	GlobalSection(NestedProjects) = preSolution
		{36A7615B-B3C9-4D96-934A-4A4BAB53B72B} = {C415143F-60A2-46DF-82F6-E1A2071ABBCA}
		{439F5DC7-E7AE-4BD1-8DCA-12EFF75DE9C1} = {C415143F-60A2-46DF-82F6-E1A2071ABBCA}
		{145F3C86-2002-4E50-97C9-5181CB502764} = {79316AD3-A942-49CC-B2A8-73F9049C7FCB}
		{1BC0FBFC-2ACD-49E6-BFC7-FB8624B86FFA} = {2E9F8941-075E-4898-A7C6-053DFF9A667F}
		{AA707C61-9E8E-4D75-81B4-DD0B871932B1} = {FF8BC011-2DFC-4993-873C-432702E5F786}
		{7858F11B-0DEE-40F8-9CB3-DA0F26CB4C93} = {FF8BC011-2DFC-4993-873C-432702E5F786}
		{72C2421A-F77D-44B5-AEDE-6BD3228381D2} = {FF8BC011-2DFC-4993-873C-432702E5F786}
	EndGlobalSection
EndGlobal
